
Microsoft Visual Studio Solution File, Format Version 12.00
# Visual Studio 2013
VisualStudioVersion = 12.0.40629.0
MinimumVisualStudioVersion = 10.0.40219.1
Project("{FAE04EC0-301F-11D3-BF4B-00C04F79EFBC}") = "01CommonProject", "01CommonProject\01CommonProject.csproj", "{CAFDCAB4-ED1B-4855-8EB4-F49DD02E214E}"
EndProject
Project("{FAE04EC0-301F-11D3-BF4B-00C04F79EFBC}") = "CommonService", "CommonService\CommonService.csproj", "{33A9F645-35C6-4F5C-B62C-D6CAF119B893}"
EndProject
Project("{FAE04EC0-301F-11D3-BF4B-00C04F79EFBC}") = "ServiceHost", "ServiceHost\ServiceHost.csproj", "{8AD4C0C6-70AB-47FB-B743-705C0C9D6637}"
EndProject
Project("{FAE04EC0-301F-11D3-BF4B-00C04F79EFBC}") = "YZ.Utility.DataAccess", "YZ.Utility.DataAccess\YZ.Utility.DataAccess.csproj", "{D316AF8C-151D-440E-BD4B-9E139022F7C9}"
EndProject
Project("{2150E333-8FDC-42A3-9474-1A3956D46DE8}") = ".nuget", ".nuget", "{7CD3D641-00C9-4DA3-ADA3-59A791D0DC25}"
	ProjectSection(SolutionItems) = preProject
		.nuget\NuGet.Config = .nuget\NuGet.Config
		.nuget\NuGet.exe = .nuget\NuGet.exe
		.nuget\NuGet.targets = .nuget\NuGet.targets
	EndProjectSection
EndProject
Project("{FAE04EC0-301F-11D3-BF4B-00C04F79EFBC}") = "YZ.Utility", "YZ.Utility\YZ.Utility.csproj", "{7307629B-4833-4085-B81F-DB9B3BD308F9}"
EndProject
Global
	GlobalSection(SolutionConfigurationPlatforms) = preSolution
		Debug|Any CPU = Debug|Any CPU
		QA-Solr|Any CPU = QA-Solr|Any CPU
		Release|Any CPU = Release|Any CPU
	EndGlobalSection
	GlobalSection(ProjectConfigurationPlatforms) = postSolution
		{CAFDCAB4-ED1B-4855-8EB4-F49DD02E214E}.Debug|Any CPU.ActiveCfg = Debug|Any CPU
		{CAFDCAB4-ED1B-4855-8EB4-F49DD02E214E}.Debug|Any CPU.Build.0 = Debug|Any CPU
		{CAFDCAB4-ED1B-4855-8EB4-F49DD02E214E}.QA-Solr|Any CPU.ActiveCfg = Release|Any CPU
		{CAFDCAB4-ED1B-4855-8EB4-F49DD02E214E}.QA-Solr|Any CPU.Build.0 = Release|Any CPU
		{CAFDCAB4-ED1B-4855-8EB4-F49DD02E214E}.Release|Any CPU.ActiveCfg = Release|Any CPU
		{CAFDCAB4-ED1B-4855-8EB4-F49DD02E214E}.Release|Any CPU.Build.0 = Release|Any CPU
		{33A9F645-35C6-4F5C-B62C-D6CAF119B893}.Debug|Any CPU.ActiveCfg = Debug|Any CPU
		{33A9F645-35C6-4F5C-B62C-D6CAF119B893}.Debug|Any CPU.Build.0 = Debug|Any CPU
		{33A9F645-35C6-4F5C-B62C-D6CAF119B893}.QA-Solr|Any CPU.ActiveCfg = Release|Any CPU
		{33A9F645-35C6-4F5C-B62C-D6CAF119B893}.QA-Solr|Any CPU.Build.0 = Release|Any CPU
		{33A9F645-35C6-4F5C-B62C-D6CAF119B893}.Release|Any CPU.ActiveCfg = Release|Any CPU
		{33A9F645-35C6-4F5C-B62C-D6CAF119B893}.Release|Any CPU.Build.0 = Release|Any CPU
		{8AD4C0C6-70AB-47FB-B743-705C0C9D6637}.Debug|Any CPU.ActiveCfg = Debug|Any CPU
		{8AD4C0C6-70AB-47FB-B743-705C0C9D6637}.Debug|Any CPU.Build.0 = Debug|Any CPU
		{8AD4C0C6-70AB-47FB-B743-705C0C9D6637}.QA-Solr|Any CPU.ActiveCfg = Release|Any CPU
		{8AD4C0C6-70AB-47FB-B743-705C0C9D6637}.QA-Solr|Any CPU.Build.0 = Release|Any CPU
		{8AD4C0C6-70AB-47FB-B743-705C0C9D6637}.Release|Any CPU.ActiveCfg = Release|Any CPU
		{8AD4C0C6-70AB-47FB-B743-705C0C9D6637}.Release|Any CPU.Build.0 = Release|Any CPU
		{D316AF8C-151D-440E-BD4B-9E139022F7C9}.Debug|Any CPU.ActiveCfg = Debug|Any CPU
		{D316AF8C-151D-440E-BD4B-9E139022F7C9}.Debug|Any CPU.Build.0 = Debug|Any CPU
		{D316AF8C-151D-440E-BD4B-9E139022F7C9}.QA-Solr|Any CPU.ActiveCfg = Release|Any CPU
		{D316AF8C-151D-440E-BD4B-9E139022F7C9}.QA-Solr|Any CPU.Build.0 = Release|Any CPU
		{D316AF8C-151D-440E-BD4B-9E139022F7C9}.Release|Any CPU.ActiveCfg = Release|Any CPU
		{D316AF8C-151D-440E-BD4B-9E139022F7C9}.Release|Any CPU.Build.0 = Release|Any CPU
		{7307629B-4833-4085-B81F-DB9B3BD308F9}.Debug|Any CPU.ActiveCfg = Debug|Any CPU
		{7307629B-4833-4085-B81F-DB9B3BD308F9}.Debug|Any CPU.Build.0 = Debug|Any CPU
		{7307629B-4833-4085-B81F-DB9B3BD308F9}.QA-Solr|Any CPU.ActiveCfg = Release|Any CPU
		{7307629B-4833-4085-B81F-DB9B3BD308F9}.QA-Solr|Any CPU.Build.0 = Release|Any CPU
		{7307629B-4833-4085-B81F-DB9B3BD308F9}.Release|Any CPU.ActiveCfg = Release|Any CPU
		{7307629B-4833-4085-B81F-DB9B3BD308F9}.Release|Any CPU.Build.0 = Release|Any CPU
	EndGlobalSection
	GlobalSection(SolutionProperties) = preSolution
		HideSolutionNode = FALSE
	EndGlobalSection
EndGlobal
